
Microsoft Visual Studio Solution File, Format Version 12.00
# Visual Studio Version 16
VisualStudioVersion = 16.0.29519.87
MinimumVisualStudioVersion = 10.0.40219.1
Project("{FAE04EC0-301F-11D3-BF4B-00C04F79EFBC}") = "WebApplication6", "WebApplication6\WebApplication6.csproj", "{D3F546A1-4BBC-407B-BA01-1B0A44F1F8A8}"
EndProject
Global
	GlobalSection(SolutionConfigurationPlatforms) = preSolution
		Debug|Any CPU = Debug|Any CPU
		Release|Any CPU = Release|Any CPU
	EndGlobalSection
	GlobalSection(ProjectConfigurationPlatforms) = postSolution
		{D3F546A1-4BBC-407B-BA01-1B0A44F1F8A8}.Debug|Any CPU.ActiveCfg = Debug|Any CPU
		{D3F546A1-4BBC-407B-BA01-1B0A44F1F8A8}.Debug|Any CPU.Build.0 = Debug|Any CPU
		{D3F546A1-4BBC-407B-BA01-1B0A44F1F8A8}.Release|Any CPU.ActiveCfg = Release|Any CPU
		{D3F546A1-4BBC-407B-BA01-1B0A44F1F8A8}.Release|Any CPU.Build.0 = Release|Any CPU
	EndGlobalSection
	GlobalSection(SolutionProperties) = preSolution
		HideSolutionNode = FALSE
	EndGlobalSection
	GlobalSection(ExtensibilityGlobals) = postSolution
		SolutionGuid = {FA7872BD-2F04-48BE-9FB4-8FC7ADAD1AF4}
	EndGlobalSection
EndGlobal
